
Microsoft Visual Studio Solution File, Format Version 12.00
# Visual Studio Version 16
VisualStudioVersion = 16.0.31019.35
MinimumVisualStudioVersion = 10.0.40219.1
Project("{9A19103F-16F7-4668-BE54-9A1E7A4F7556}") = "IBMWebTestConsole", "IBMWebTestConsole\IBMWebTestConsole.csproj", "{5599C753-037A-41EE-9A67-2B5933A11A44}"
EndProject
Project("{9A19103F-16F7-4668-BE54-9A1E7A4F7556}") = "SimTestRequestBridge", "SimTestRequestBridge\SimTestRequestBridge.csproj", "{4B75FD0E-9FB7-428A-968A-BCAC05C99011}"
EndProject
Project("{FAE04EC0-301F-11D3-BF4B-00C04F79EFBC}") = "Tests", "Tests\Tests.csproj", "{3F842C7A-6813-4437-B0B5-68442ECF641F}"
EndProject
Project("{2150E333-8FDC-42A3-9474-1A3956D46DE8}") = "Solution Items", "Solution Items", "{19A1D67D-5D1D-4222-AAEA-27A65BF9D6CE}"
	ProjectSection(SolutionItems) = preProject
		.editorconfig = .editorconfig
	EndProjectSection
EndProject
Global
	GlobalSection(SolutionConfigurationPlatforms) = preSolution
		Debug|Any CPU = Debug|Any CPU
		Release|Any CPU = Release|Any CPU
	EndGlobalSection
	GlobalSection(ProjectConfigurationPlatforms) = postSolution
		{5599C753-037A-41EE-9A67-2B5933A11A44}.Debug|Any CPU.ActiveCfg = Debug|Any CPU
		{5599C753-037A-41EE-9A67-2B5933A11A44}.Debug|Any CPU.Build.0 = Debug|Any CPU
		{5599C753-037A-41EE-9A67-2B5933A11A44}.Release|Any CPU.ActiveCfg = Release|Any CPU
		{5599C753-037A-41EE-9A67-2B5933A11A44}.Release|Any CPU.Build.0 = Release|Any CPU
		{4B75FD0E-9FB7-428A-968A-BCAC05C99011}.Debug|Any CPU.ActiveCfg = Debug|Any CPU
		{4B75FD0E-9FB7-428A-968A-BCAC05C99011}.Debug|Any CPU.Build.0 = Debug|Any CPU
		{4B75FD0E-9FB7-428A-968A-BCAC05C99011}.Release|Any CPU.ActiveCfg = Release|Any CPU
		{4B75FD0E-9FB7-428A-968A-BCAC05C99011}.Release|Any CPU.Build.0 = Release|Any CPU
		{3F842C7A-6813-4437-B0B5-68442ECF641F}.Debug|Any CPU.ActiveCfg = Debug|Any CPU
		{3F842C7A-6813-4437-B0B5-68442ECF641F}.Debug|Any CPU.Build.0 = Debug|Any CPU
		{3F842C7A-6813-4437-B0B5-68442ECF641F}.Release|Any CPU.ActiveCfg = Release|Any CPU
		{3F842C7A-6813-4437-B0B5-68442ECF641F}.Release|Any CPU.Build.0 = Release|Any CPU
	EndGlobalSection
	GlobalSection(SolutionProperties) = preSolution
		HideSolutionNode = FALSE
	EndGlobalSection
	GlobalSection(ExtensibilityGlobals) = postSolution
		SolutionGuid = {DBD87B84-3B67-4117-BF22-1A17553A114B}
	EndGlobalSection
EndGlobal
