
Microsoft Visual Studio Solution File, Format Version 12.00
# Visual Studio Version 16
VisualStudioVersion = 16.0.31019.35
MinimumVisualStudioVersion = 10.0.40219.1
Project("{FAE04EC0-301F-11D3-BF4B-00C04F79EFBC}") = "MQTester", "MQTester\MQTester.csproj", "{F72CCFF6-94E0-4F84-A6FD-2F2272B93B01}"
EndProject
Project("{9A19103F-16F7-4668-BE54-9A1E7A4F7556}") = "IBMWebTestConsole", "IBMWebTestConsole\IBMWebTestConsole.csproj", "{5599C753-037A-41EE-9A67-2B5933A11A44}"
EndProject
Project("{9A19103F-16F7-4668-BE54-9A1E7A4F7556}") = "SimBridge", "SimBridge\SimBridge.csproj", "{7834A9F2-A1BF-4368-81F4-CA1E13872D1D}"
EndProject
Project("{9A19103F-16F7-4668-BE54-9A1E7A4F7556}") = "SimTestRequestBridge", "SimTestRequestBridge\SimTestRequestBridge.csproj", "{4B75FD0E-9FB7-428A-968A-BCAC05C99011}"
EndProject
Global
	GlobalSection(SolutionConfigurationPlatforms) = preSolution
		Debug|Any CPU = Debug|Any CPU
		Release|Any CPU = Release|Any CPU
	EndGlobalSection
	GlobalSection(ProjectConfigurationPlatforms) = postSolution
		{F72CCFF6-94E0-4F84-A6FD-2F2272B93B01}.Debug|Any CPU.ActiveCfg = Debug|Any CPU
		{F72CCFF6-94E0-4F84-A6FD-2F2272B93B01}.Debug|Any CPU.Build.0 = Debug|Any CPU
		{F72CCFF6-94E0-4F84-A6FD-2F2272B93B01}.Release|Any CPU.ActiveCfg = Release|Any CPU
		{F72CCFF6-94E0-4F84-A6FD-2F2272B93B01}.Release|Any CPU.Build.0 = Release|Any CPU
		{5599C753-037A-41EE-9A67-2B5933A11A44}.Debug|Any CPU.ActiveCfg = Debug|Any CPU
		{5599C753-037A-41EE-9A67-2B5933A11A44}.Debug|Any CPU.Build.0 = Debug|Any CPU
		{5599C753-037A-41EE-9A67-2B5933A11A44}.Release|Any CPU.ActiveCfg = Release|Any CPU
		{5599C753-037A-41EE-9A67-2B5933A11A44}.Release|Any CPU.Build.0 = Release|Any CPU
		{7834A9F2-A1BF-4368-81F4-CA1E13872D1D}.Debug|Any CPU.ActiveCfg = Debug|Any CPU
		{7834A9F2-A1BF-4368-81F4-CA1E13872D1D}.Debug|Any CPU.Build.0 = Debug|Any CPU
		{7834A9F2-A1BF-4368-81F4-CA1E13872D1D}.Release|Any CPU.ActiveCfg = Release|Any CPU
		{7834A9F2-A1BF-4368-81F4-CA1E13872D1D}.Release|Any CPU.Build.0 = Release|Any CPU
		{4B75FD0E-9FB7-428A-968A-BCAC05C99011}.Debug|Any CPU.ActiveCfg = Debug|Any CPU
		{4B75FD0E-9FB7-428A-968A-BCAC05C99011}.Debug|Any CPU.Build.0 = Debug|Any CPU
		{4B75FD0E-9FB7-428A-968A-BCAC05C99011}.Release|Any CPU.ActiveCfg = Release|Any CPU
		{4B75FD0E-9FB7-428A-968A-BCAC05C99011}.Release|Any CPU.Build.0 = Release|Any CPU
	EndGlobalSection
	GlobalSection(SolutionProperties) = preSolution
		HideSolutionNode = FALSE
	EndGlobalSection
	GlobalSection(ExtensibilityGlobals) = postSolution
		SolutionGuid = {DBD87B84-3B67-4117-BF22-1A17553A114B}
	EndGlobalSection
EndGlobal
